
Microsoft Visual Studio Solution File, Format Version 12.00
# Visual Studio Version 17
VisualStudioVersion = 17.1.32421.90
MinimumVisualStudioVersion = 10.0.40219.1
Project("{2150E333-8FDC-42A3-9474-1A3956D46DE8}") = "src", "src", "{507B15BE-FB18-4F4A-95BB-06B48407379B}"
EndProject
Project("{2150E333-8FDC-42A3-9474-1A3956D46DE8}") = "BuildingBlocks", "BuildingBlocks", "{8161C8B6-0BE5-4B62-9AAB-9E2854D5C764}"
EndProject
Project("{2150E333-8FDC-42A3-9474-1A3956D46DE8}") = "Services", "Services", "{94130E74-E869-4EF5-B46C-15398162E45E}"
EndProject
Project("{2150E333-8FDC-42A3-9474-1A3956D46DE8}") = "Catalog", "Catalog", "{ACA2944E-6B2C-48FC-8317-DA5BC69742F0}"
EndProject
Project("{9A19103F-16F7-4668-BE54-9A1E7A4F7556}") = "Catalog.API", "Services\Catalog\Catalog.API\Catalog.API.csproj", "{46F4235E-F054-47AD-87C9-86F370CBD71E}"
EndProject
Project("{E53339B2-1760-4266-BCC7-CA923CBCF16C}") = "docker-compose", "docker-compose.dcproj", "{D6A61912-33EB-4DE4-A343-99DC6D3686A5}"
EndProject
Project("{2150E333-8FDC-42A3-9474-1A3956D46DE8}") = "Logging", "Logging", "{15159493-5ABA-46F2-9F10-DA2C159613DF}"
EndProject
Project("{9A19103F-16F7-4668-BE54-9A1E7A4F7556}") = "Common.Logging", "BuildingBlocks\Logging\Common.Logging\Common.Logging.csproj", "{1E8A4D38-3220-4C20-B158-9EF25BC25924}"
EndProject
Project("{2150E333-8FDC-42A3-9474-1A3956D46DE8}") = "Host", "Host", "{D5A229CA-C2ED-4210-AF3F-CE577F924826}"
EndProject
Project("{9A19103F-16F7-4668-BE54-9A1E7A4F7556}") = "Common.Host", "BuildingBlocks\Host\Common.Host\Common.Host.csproj", "{C7BE116E-551B-4252-97B0-AE654B2B65BE}"
EndProject
Project("{9A19103F-16F7-4668-BE54-9A1E7A4F7556}") = "Catalog.Domain", "Services\Catalog\Catalog.Domain\Catalog.Domain.csproj", "{04EE5129-3E48-4285-84A1-0061B36CE9DE}"
EndProject
Project("{9A19103F-16F7-4668-BE54-9A1E7A4F7556}") = "Catalog.Infrastructure", "Services\Catalog\Catalog.Infrastructure\Catalog.Infrastructure.csproj", "{CB2911DF-9A12-4444-87DB-6DDEA0226514}"
EndProject
Project("{2150E333-8FDC-42A3-9474-1A3956D46DE8}") = "ErrorHandler", "ErrorHandler", "{C7854DD4-1E6B-4E51-93EB-B8B380803500}"
EndProject
Project("{9A19103F-16F7-4668-BE54-9A1E7A4F7556}") = "Common.ErrorHandler", "BuildingBlocks\ErrorHandler\Common.ErrorHandler\Common.ErrorHandler.csproj", "{CF9D45AA-14EF-47CD-93A7-095D5780E28B}"
EndProject
Project("{2150E333-8FDC-42A3-9474-1A3956D46DE8}") = "Discount", "Discount", "{71AF39EE-BF6B-4AB5-A792-BBF3FD05830B}"
EndProject
Project("{9A19103F-16F7-4668-BE54-9A1E7A4F7556}") = "Discount.API", "Services\Discount\Discount.API\Discount.API.csproj", "{DB59F2D0-9FC1-463D-A78A-0C01A3AFA8A2}"
EndProject
Global
	GlobalSection(SolutionConfigurationPlatforms) = preSolution
		Debug|Any CPU = Debug|Any CPU
		Release|Any CPU = Release|Any CPU
	EndGlobalSection
	GlobalSection(ProjectConfigurationPlatforms) = postSolution
		{46F4235E-F054-47AD-87C9-86F370CBD71E}.Debug|Any CPU.ActiveCfg = Debug|Any CPU
		{46F4235E-F054-47AD-87C9-86F370CBD71E}.Debug|Any CPU.Build.0 = Debug|Any CPU
		{46F4235E-F054-47AD-87C9-86F370CBD71E}.Release|Any CPU.ActiveCfg = Release|Any CPU
		{46F4235E-F054-47AD-87C9-86F370CBD71E}.Release|Any CPU.Build.0 = Release|Any CPU
		{D6A61912-33EB-4DE4-A343-99DC6D3686A5}.Debug|Any CPU.ActiveCfg = Debug|Any CPU
		{D6A61912-33EB-4DE4-A343-99DC6D3686A5}.Debug|Any CPU.Build.0 = Debug|Any CPU
		{D6A61912-33EB-4DE4-A343-99DC6D3686A5}.Release|Any CPU.ActiveCfg = Release|Any CPU
		{D6A61912-33EB-4DE4-A343-99DC6D3686A5}.Release|Any CPU.Build.0 = Release|Any CPU
		{1E8A4D38-3220-4C20-B158-9EF25BC25924}.Debug|Any CPU.ActiveCfg = Debug|Any CPU
		{1E8A4D38-3220-4C20-B158-9EF25BC25924}.Debug|Any CPU.Build.0 = Debug|Any CPU
		{1E8A4D38-3220-4C20-B158-9EF25BC25924}.Release|Any CPU.ActiveCfg = Release|Any CPU
		{1E8A4D38-3220-4C20-B158-9EF25BC25924}.Release|Any CPU.Build.0 = Release|Any CPU
		{C7BE116E-551B-4252-97B0-AE654B2B65BE}.Debug|Any CPU.ActiveCfg = Debug|Any CPU
		{C7BE116E-551B-4252-97B0-AE654B2B65BE}.Debug|Any CPU.Build.0 = Debug|Any CPU
		{C7BE116E-551B-4252-97B0-AE654B2B65BE}.Release|Any CPU.ActiveCfg = Release|Any CPU
		{C7BE116E-551B-4252-97B0-AE654B2B65BE}.Release|Any CPU.Build.0 = Release|Any CPU
		{04EE5129-3E48-4285-84A1-0061B36CE9DE}.Debug|Any CPU.ActiveCfg = Debug|Any CPU
		{04EE5129-3E48-4285-84A1-0061B36CE9DE}.Debug|Any CPU.Build.0 = Debug|Any CPU
		{04EE5129-3E48-4285-84A1-0061B36CE9DE}.Release|Any CPU.ActiveCfg = Release|Any CPU
		{04EE5129-3E48-4285-84A1-0061B36CE9DE}.Release|Any CPU.Build.0 = Release|Any CPU
		{CB2911DF-9A12-4444-87DB-6DDEA0226514}.Debug|Any CPU.ActiveCfg = Debug|Any CPU
		{CB2911DF-9A12-4444-87DB-6DDEA0226514}.Debug|Any CPU.Build.0 = Debug|Any CPU
		{CB2911DF-9A12-4444-87DB-6DDEA0226514}.Release|Any CPU.ActiveCfg = Release|Any CPU
		{CB2911DF-9A12-4444-87DB-6DDEA0226514}.Release|Any CPU.Build.0 = Release|Any CPU
		{CF9D45AA-14EF-47CD-93A7-095D5780E28B}.Debug|Any CPU.ActiveCfg = Debug|Any CPU
		{CF9D45AA-14EF-47CD-93A7-095D5780E28B}.Debug|Any CPU.Build.0 = Debug|Any CPU
		{CF9D45AA-14EF-47CD-93A7-095D5780E28B}.Release|Any CPU.ActiveCfg = Release|Any CPU
		{CF9D45AA-14EF-47CD-93A7-095D5780E28B}.Release|Any CPU.Build.0 = Release|Any CPU
		{DB59F2D0-9FC1-463D-A78A-0C01A3AFA8A2}.Debug|Any CPU.ActiveCfg = Debug|Any CPU
		{DB59F2D0-9FC1-463D-A78A-0C01A3AFA8A2}.Debug|Any CPU.Build.0 = Debug|Any CPU
		{DB59F2D0-9FC1-463D-A78A-0C01A3AFA8A2}.Release|Any CPU.ActiveCfg = Release|Any CPU
		{DB59F2D0-9FC1-463D-A78A-0C01A3AFA8A2}.Release|Any CPU.Build.0 = Release|Any CPU
	EndGlobalSection
	GlobalSection(SolutionProperties) = preSolution
		HideSolutionNode = FALSE
	EndGlobalSection
	GlobalSection(NestedProjects) = preSolution
		{8161C8B6-0BE5-4B62-9AAB-9E2854D5C764} = {507B15BE-FB18-4F4A-95BB-06B48407379B}
		{94130E74-E869-4EF5-B46C-15398162E45E} = {507B15BE-FB18-4F4A-95BB-06B48407379B}
		{ACA2944E-6B2C-48FC-8317-DA5BC69742F0} = {94130E74-E869-4EF5-B46C-15398162E45E}
		{46F4235E-F054-47AD-87C9-86F370CBD71E} = {ACA2944E-6B2C-48FC-8317-DA5BC69742F0}
		{15159493-5ABA-46F2-9F10-DA2C159613DF} = {8161C8B6-0BE5-4B62-9AAB-9E2854D5C764}
		{1E8A4D38-3220-4C20-B158-9EF25BC25924} = {15159493-5ABA-46F2-9F10-DA2C159613DF}
		{D5A229CA-C2ED-4210-AF3F-CE577F924826} = {8161C8B6-0BE5-4B62-9AAB-9E2854D5C764}
		{C7BE116E-551B-4252-97B0-AE654B2B65BE} = {D5A229CA-C2ED-4210-AF3F-CE577F924826}
		{04EE5129-3E48-4285-84A1-0061B36CE9DE} = {ACA2944E-6B2C-48FC-8317-DA5BC69742F0}
		{CB2911DF-9A12-4444-87DB-6DDEA0226514} = {ACA2944E-6B2C-48FC-8317-DA5BC69742F0}
		{C7854DD4-1E6B-4E51-93EB-B8B380803500} = {8161C8B6-0BE5-4B62-9AAB-9E2854D5C764}
		{CF9D45AA-14EF-47CD-93A7-095D5780E28B} = {C7854DD4-1E6B-4E51-93EB-B8B380803500}
		{71AF39EE-BF6B-4AB5-A792-BBF3FD05830B} = {94130E74-E869-4EF5-B46C-15398162E45E}
		{DB59F2D0-9FC1-463D-A78A-0C01A3AFA8A2} = {71AF39EE-BF6B-4AB5-A792-BBF3FD05830B}
	EndGlobalSection
	GlobalSection(ExtensibilityGlobals) = postSolution
		SolutionGuid = {1F256EBE-A7B9-465D-9CE4-A585B26929C7}
	EndGlobalSection
EndGlobal
